
Microsoft Visual Studio Solution File, Format Version 12.00
# Visual Studio Version 17
VisualStudioVersion = 17.11.35312.102
MinimumVisualStudioVersion = 10.0.40219.1
Project("{9A19103F-16F7-4668-BE54-9A1E7A4F7556}") = "EtiqaAssessmentLFH", "EtiqaAssessmentLFH\EtiqaAssessmentLFH.csproj", "{6291E284-4A9A-47EF-BCBC-782B22E6BEB2}"
EndProject
Global
	GlobalSection(SolutionConfigurationPlatforms) = preSolution
		Debug|Any CPU = Debug|Any CPU
		Release|Any CPU = Release|Any CPU
	EndGlobalSection
	GlobalSection(ProjectConfigurationPlatforms) = postSolution
		{6291E284-4A9A-47EF-BCBC-782B22E6BEB2}.Debug|Any CPU.ActiveCfg = Debug|Any CPU
		{6291E284-4A9A-47EF-BCBC-782B22E6BEB2}.Debug|Any CPU.Build.0 = Debug|Any CPU
		{6291E284-4A9A-47EF-BCBC-782B22E6BEB2}.Release|Any CPU.ActiveCfg = Release|Any CPU
		{6291E284-4A9A-47EF-BCBC-782B22E6BEB2}.Release|Any CPU.Build.0 = Release|Any CPU
	EndGlobalSection
	GlobalSection(SolutionProperties) = preSolution
		HideSolutionNode = FALSE
	EndGlobalSection
	GlobalSection(ExtensibilityGlobals) = postSolution
		SolutionGuid = {7CDE36D7-C142-48B4-9467-32117AEA0138}
	EndGlobalSection
EndGlobal
